schema: '2.0'
stages:
  prepare:
    cmd: python src/prepare.py
    deps:
    - path: src/prepare.py
      hash: md5
      md5: 06bd38dc4541d3317fd6a22083e4ccbe
      size: 610
    outs:
    - path: data/raw
      hash: md5
      md5: 21ace1ae2f43c1b6835ac92311a9e0df.dir
      size: 30869903
      nfiles: 2
  preprocess:
    cmd: python src/preprocess.py
    deps:
    - path: data/raw
      hash: md5
      md5: 21ace1ae2f43c1b6835ac92311a9e0df.dir
      size: 30869903
      nfiles: 2
    - path: src/preprocess.py
      hash: md5
      md5: e7cfceba2c12abac86d6524e883a7b2b
      size: 1620
    params:
      params.yaml:
        preprocess.seed: 42
        preprocess.test_size: 0.1
    outs:
    - path: data/processed
      hash: md5
      md5: e573a92abb6058b17e350f576e3f23ea.dir
      size: 46922690
      nfiles: 3
  train:
    cmd: python src/train.py
    deps:
    - path: data/processed
      hash: md5
      md5: e573a92abb6058b17e350f576e3f23ea.dir
      size: 46922690
      nfiles: 3
    - path: src/train.py
      hash: md5
      md5: fa7575c301da1bf492debc47b3fce244
      size: 1806
    params:
      params.yaml:
        train.batch_size: 64
        train.dense_units: 256
        train.dropout_rate: 0.2
        train.epochs: 15
        train.learning_rate: 0.001
        train.seed: 42
    outs:
    - path: models/history.csv
      hash: md5
      md5: cb029132e782695ed4f6931ec8a935c9
      size: 1244
    - path: models/model.h5
      hash: md5
      md5: 0c2c1c14a23b07351164cb59ccec2f03
      size: 2466904
  evaluate:
    cmd: python src/evaluate.py
    deps:
    - path: data/processed
      hash: md5
      md5: e573a92abb6058b17e350f576e3f23ea.dir
      size: 46922690
      nfiles: 3
    - path: models/model.h5
      hash: md5
      md5: 0c2c1c14a23b07351164cb59ccec2f03
      size: 2466904
    - path: src/evaluate.py
      hash: md5
      md5: b7f4fd5a40fa86fb76ad5ca317003f22
      size: 1579
    outs:
    - path: confusion_matrix.png
      hash: md5
      md5: 1a10ed6488645db405e5273dd91dcc3a
      size: 80914
    - path: metrics.json
      hash: md5
      md5: 9d43932f95476c8bd4266c1fec410f4b
      size: 79
